// !$*UTF8*$!
{
	archiveVersion = 1;
	classes = {
	};
	objectVersion = 48;
	objects = {

/* Begin PBXBuildFile section */
		363E767CD55DB4695657AB39 /* Pods_LoginAndRegistration.framework in Frameworks */ = {isa = PBXBuildFile; fileRef = 12590FD33EE906BF7FD2C7B9 /* Pods_LoginAndRegistration.framework */; };
		8E58A054203DC859000E9CD4 /* AppDelegate.swift in Sources */ = {isa = PBXBuildFile; fileRef = 8E58A053203DC859000E9CD4 /* AppDelegate.swift */; };
		8E58A056203DC859000E9CD4 /* LoginController.swift in Sources */ = {isa = PBXBuildFile; fileRef = 8E58A055203DC859000E9CD4 /* LoginController.swift */; };
		8E58A05B203DC859000E9CD4 /* Assets.xcassets in Resources */ = {isa = PBXBuildFile; fileRef = 8E58A05A203DC859000E9CD4 /* Assets.xcassets */; };
		8E58A05E203DC859000E9CD4 /* LaunchScreen.storyboard in Resources */ = {isa = PBXBuildFile; fileRef = 8E58A05C203DC859000E9CD4 /* LaunchScreen.storyboard */; };
		8E58A066203DD1AA000E9CD4 /* LoginView.swift in Sources */ = {isa = PBXBuildFile; fileRef = 8E58A065203DD1AA000E9CD4 /* LoginView.swift */; };
		8E58A068203DD2BE000E9CD4 /* Extensions.swift in Sources */ = {isa = PBXBuildFile; fileRef = 8E58A067203DD2BE000E9CD4 /* Extensions.swift */; };
/* End PBXBuildFile section */

/* Begin PBXFileReference section */
		12590FD33EE906BF7FD2C7B9 /* Pods_LoginAndRegistration.framework */ = {isa = PBXFileReference; explicitFileType = wrapper.framework; includeInIndex = 0; path = Pods_LoginAndRegistration.framework; sourceTree = BUILT_PRODUCTS_DIR; };
		68549510EC3752AD517F4AA4 /* Pods-LoginAndRegistration.release.xcconfig */ = {isa = PBXFileReference; includeInIndex = 1; lastKnownFileType = text.xcconfig; name = "Pods-LoginAndRegistration.release.xcconfig"; path = "Pods/Target Support Files/Pods-LoginAndRegistration/Pods-LoginAndRegistration.release.xcconfig"; sourceTree = "<group>"; };
		8E58A050203DC859000E9CD4 /* LoginAndRegistration.app */ = {isa = PBXFileReference; explicitFileType = wrapper.application; includeInIndex = 0; path = LoginAndRegistration.app; sourceTree = BUILT_PRODUCTS_DIR; };
		8E58A053203DC859000E9CD4 /* AppDelegate.swift */ = {isa = PBXFileReference; lastKnownFileType = sourcecode.swift; path = AppDelegate.swift; sourceTree = "<group>"; };
		8E58A055203DC859000E9CD4 /* LoginController.swift */ = {isa = PBXFileReference; lastKnownFileType = sourcecode.swift; path = LoginController.swift; sourceTree = "<group>"; };
		8E58A05A203DC859000E9CD4 /* Assets.xcassets */ = {isa = PBXFileReference; lastKnownFileType = folder.assetcatalog; path = Assets.xcassets; sourceTree = "<group>"; };
		8E58A05D203DC859000E9CD4 /* Base */ = {isa = PBXFileReference; lastKnownFileType = file.storyboard; name = Base; path = Base.lproj/LaunchScreen.storyboard; sourceTree = "<group>"; };
		8E58A05F203DC859000E9CD4 /* Info.plist */ = {isa = PBXFileReference; lastKnownFileType = text.plist.xml; path = Info.plist; sourceTree = "<group>"; };
		8E58A065203DD1AA000E9CD4 /* LoginView.swift */ = {isa = PBXFileReference; lastKnownFileType = sourcecode.swift; path = LoginView.swift; sourceTree = "<group>"; };
		8E58A067203DD2BE000E9CD4 /* Extensions.swift */ = {isa = PBXFileReference; lastKnownFileType = sourcecode.swift; path = Extensions.swift; sourceTree = "<group>"; };
		FFB99253419D361C0D53762D /* Pods-LoginAndRegistration.debug.xcconfig */ = {isa = PBXFileReference; includeInIndex = 1; lastKnownFileType = text.xcconfig; name = "Pods-LoginAndRegistration.debug.xcconfig"; path = "Pods/Target Support Files/Pods-LoginAndRegistration/Pods-LoginAndRegistration.debug.xcconfig"; sourceTree = "<group>"; };
/* End PBXFileReference section */

/* Begin PBXFrameworksBuildPhase section */
		8E58A04D203DC859000E9CD4 /* Frameworks */ = {
			isa = PBXFrameworksBuildPhase;
			buildActionMask = 2147483647;
			files = (
				363E767CD55DB4695657AB39 /* Pods_LoginAndRegistration.framework in Frameworks */,
			);
			runOnlyForDeploymentPostprocessing = 0;
		};
/* End PBXFrameworksBuildPhase section */

/* Begin PBXGroup section */
		8E58A047203DC859000E9CD4 = {
			isa = PBXGroup;
			children = (
				8E58A052203DC859000E9CD4 /* LoginAndRegistration */,
				8E58A051203DC859000E9CD4 /* Products */,
				F1371F49430E661A398BE4DC /* Pods */,
				AB5E89C7C918D18385555918 /* Frameworks */,
			);
			sourceTree = "<group>";
		};
		8E58A051203DC859000E9CD4 /* Products */ = {
			isa = PBXGroup;
			children = (
				8E58A050203DC859000E9CD4 /* LoginAndRegistration.app */,
			);
			name = Products;
			sourceTree = "<group>";
		};
		8E58A052203DC859000E9CD4 /* LoginAndRegistration */ = {
			isa = PBXGroup;
			children = (
				8E58A053203DC859000E9CD4 /* AppDelegate.swift */,
				8E58A055203DC859000E9CD4 /* LoginController.swift */,
				8E58A067203DD2BE000E9CD4 /* Extensions.swift */,
				8E58A065203DD1AA000E9CD4 /* LoginView.swift */,
				8E58A05A203DC859000E9CD4 /* Assets.xcassets */,
				8E58A05C203DC859000E9CD4 /* LaunchScreen.storyboard */,
				8E58A05F203DC859000E9CD4 /* Info.plist */,
			);
			path = LoginAndRegistration;
			sourceTree = "<group>";
		};
		AB5E89C7C918D18385555918 /* Frameworks */ = {
			isa = PBXGroup;
			children = (
				12590FD33EE906BF7FD2C7B9 /* Pods_LoginAndRegistration.framework */,
			);
			name = Frameworks;
			sourceTree = "<group>";
		};
		F1371F49430E661A398BE4DC /* Pods */ = {
			isa = PBXGroup;
			children = (
				FFB99253419D361C0D53762D /* Pods-LoginAndRegistration.debug.xcconfig */,
				68549510EC3752AD517F4AA4 /* Pods-LoginAndRegistration.release.xcconfig */,
			);
			name = Pods;
			sourceTree = "<group>";
		};
/* End PBXGroup section */

/* Begin PBXNativeTarget section */
		8E58A04F203DC859000E9CD4 /* LoginAndRegistration */ = {
			isa = PBXNativeTarget;
			buildConfigurationList = 8E58A062203DC859000E9CD4 /* Build configuration list for PBXNativeTarget "LoginAndRegistration" */;
			buildPhases = (
				5A4C0CCB6DD2855BE8479EFF /* [CP] Check Pods Manifest.lock */,
				8E58A04C203DC859000E9CD4 /* Sources */,
				8E58A04D203DC859000E9CD4 /* Frameworks */,
				8E58A04E203DC859000E9CD4 /* Resources */,
				0D679BD2BD9954A46387C404 /* [CP] Embed Pods Frameworks */,
				04660526003430B7DEE72923 /* [CP] Copy Pods Resources */,
			);
			buildRules = (
			);
			dependencies = (
			);
			name = LoginAndRegistration;
			productName = LoginAndRegistration;
			productReference = 8E58A050203DC859000E9CD4 /* LoginAndRegistration.app */;
			productType = "com.apple.product-type.application";
		};
/* End PBXNativeTarget section */

/* Begin PBXProject section */
		8E58A048203DC859000E9CD4 /* Project object */ = {
			isa = PBXProject;
			attributes = {
				LastSwiftUpdateCheck = 0920;
				LastUpgradeCheck = 0920;
				ORGANIZATIONNAME = SDU;
				TargetAttributes = {
					8E58A04F203DC859000E9CD4 = {
						CreatedOnToolsVersion = 9.2;
						ProvisioningStyle = Automatic;
					};
				};
			};
			buildConfigurationList = 8E58A04B203DC859000E9CD4 /* Build configuration list for PBXProject "LoginAndRegistration" */;
			compatibilityVersion = "Xcode 8.0";
			developmentRegion = en;
			hasScannedForEncodings = 0;
			knownRegions = (
				en,
				Base,
			);
			mainGroup = 8E58A047203DC859000E9CD4;
			productRefGroup = 8E58A051203DC859000E9CD4 /* Products */;
			projectDirPath = "";
			projectRoot = "";
			targets = (
				8E58A04F203DC859000E9CD4 /* LoginAndRegistration */,
			);
		};
/* End PBXProject section */

/* Begin PBXResourcesBuildPhase section */
		8E58A04E203DC859000E9CD4 /* Resources */ = {
			isa = PBXResourcesBuildPhase;
			buildActionMask = 2147483647;
			files = (
				8E58A05E203DC859000E9CD4 /* LaunchScreen.storyboard in Resources */,
				8E58A05B203DC859000E9CD4 /* Assets.xcassets in Resources */,
			);
			runOnlyForDeploymentPostprocessing = 0;
		};
/* End PBXResourcesBuildPhase section */

/* Begin PBXShellScriptBuildPhase section */
		04660526003430B7DEE72923 /* [CP] Copy Pods Resources */ = {
			isa = PBXShellScriptBuildPhase;
			buildActionMask = 2147483647;
			files = (
			);
			inputPaths = (
			);
			name = "[CP] Copy Pods Resources";
			outputPaths = (
			);
			runOnlyForDeploymentPostprocessing = 0;
			shellPath = /bin/sh;
			shellScript = "\"${SRCROOT}/Pods/Target Support Files/Pods-LoginAndRegistration/Pods-LoginAndRegistration-resources.sh\"\n";
			showEnvVarsInLog = 0;
		};
		0D679BD2BD9954A46387C404 /* [CP] Embed Pods Frameworks */ = {
			isa = PBXShellScriptBuildPhase;
			buildActionMask = 2147483647;
			files = (
			);
			inputPaths = (
				"${SRCROOT}/Pods/Target Support Files/Pods-LoginAndRegistration/Pods-LoginAndRegistration-frameworks.sh",
				"${BUILT_PRODUCTS_DIR}/Cartography/Cartography.framework",
			);
			name = "[CP] Embed Pods Frameworks";
			outputPaths = (
				"${TARGET_BUILD_DIR}/${FRAMEWORKS_FOLDER_PATH}/Cartography.framework",
			);
			runOnlyForDeploymentPostprocessing = 0;
			shellPath = /bin/sh;
			shellScript = "\"${SRCROOT}/Pods/Target Support Files/Pods-LoginAndRegistration/Pods-LoginAndRegistration-frameworks.sh\"\n";
			showEnvVarsInLog = 0;
		};
		5A4C0CCB6DD2855BE8479EFF /* [CP] Check Pods Manifest.lock */ = {
			isa = PBXShellScriptBuildPhase;
			buildActionMask = 2147483647;
			files = (
			);
			inputPaths = (
				"${PODS_PODFILE_DIR_PATH}/Podfile.lock",
				"${PODS_ROOT}/Manifest.lock",
			);
			name = "[CP] Check Pods Manifest.lock";
			outputPaths = (
				"$(DERIVED_FILE_DIR)/Pods-LoginAndRegistration-checkManifestLockResult.txt",
			);
			runOnlyForDeploymentPostprocessing = 0;
			shellPath = /bin/sh;
			shellScript = "diff \"${PODS_PODFILE_DIR_PATH}/Podfile.lock\" \"${PODS_ROOT}/Manifest.lock\" > /dev/null\nif [ $? != 0 ] ; then\n    # print error to STDERR\n    echo \"error: The sandbox is not in sync with the Podfile.lock. Run 'pod install' or update your CocoaPods installation.\" >&2\n    exit 1\nfi\n# This output is used by Xcode 'outputs' to avoid re-running this script phase.\necho \"SUCCESS\" > \"${SCRIPT_OUTPUT_FILE_0}\"\n";
			showEnvVarsInLog = 0;
		};
/* End PBXShellScriptBuildPhase section */

/* Begin PBXSourcesBuildPhase section */
		8E58A04C203DC859000E9CD4 /* Sources */ = {
			isa = PBXSourcesBuildPhase;
			buildActionMask = 2147483647;
			files = (
				8E58A066203DD1AA000E9CD4 /* LoginView.swift in Sources */,
				8E58A056203DC859000E9CD4 /* LoginController.swift in Sources */,
				8E58A054203DC859000E9CD4 /* AppDelegate.swift in Sources */,
				8E58A068203DD2BE000E9CD4 /* Extensions.swift in Sources */,
			);
			runOnlyForDeploymentPostprocessing = 0;
		};
/* End PBXSourcesBuildPhase section */

/* Begin PBXVariantGroup section */
		8E58A05C203DC859000E9CD4 /* LaunchScreen.storyboard */ = {
			isa = PBXVariantGroup;
			children = (
				8E58A05D203DC859000E9CD4 /* Base */,
			);
			name = LaunchScreen.storyboard;
			sourceTree = "<group>";
		};
/* End PBXVariantGroup section */

/* Begin XCBuildConfiguration section */
		8E58A060203DC859000E9CD4 /* Debug */ = {
			isa = XCBuildConfiguration;
			buildSettings = {
				ALWAYS_SEARCH_USER_PATHS = NO;
				CLANG_ANALYZER_NONNULL = YES;
				CLANG_ANALYZER_NUMBER_OBJECT_CONVERSION = YES_AGGRESSIVE;
				CLANG_CXX_LANGUAGE_STANDARD = "gnu++14";
				CLANG_CXX_LIBRARY = "libc++";
				CLANG_ENABLE_MODULES = YES;
				CLANG_ENABLE_OBJC_ARC = YES;
				CLANG_WARN_BLOCK_CAPTURE_AUTORELEASING = YES;
				CLANG_WARN_BOOL_CONVERSION = YES;
				CLANG_WARN_COMMA = YES;
				CLANG_WARN_CONSTANT_CONVERSION = YES;
				CLANG_WARN_DIRECT_OBJC_ISA_USAGE = YES_ERROR;
				CLANG_WARN_DOCUMENTATION_COMMENTS = YES;
				CLANG_WARN_EMPTY_BODY = YES;
				CLANG_WARN_ENUM_CONVERSION = YES;
				CLANG_WARN_INFINITE_RECURSION = YES;
				CLANG_WARN_INT_CONVERSION = YES;
				CLANG_WARN_NON_LITERAL_NULL_CONVERSION = YES;
				CLANG_WARN_OBJC_LITERAL_CONVERSION = YES;
				CLANG_WARN_OBJC_ROOT_CLASS = YES_ERROR;
				CLANG_WARN_RANGE_LOOP_ANALYSIS = YES;
				CLANG_WARN_STRICT_PROTOTYPES = YES;
				CLANG_WARN_SUSPICIOUS_MOVE = YES;
				CLANG_WARN_UNGUARDED_AVAILABILITY = YES_AGGRESSIVE;
				CLANG_WARN_UNREACHABLE_CODE = YES;
				CLANG_WARN__DUPLICATE_METHOD_MATCH = YES;
				CODE_SIGN_IDENTITY = "iPhone Developer";
				COPY_PHASE_STRIP = NO;
				DEBUG_INFORMATION_FORMAT = dwarf;
				ENABLE_STRICT_OBJC_MSGSEND = YES;
				ENABLE_TESTABILITY = YES;
				GCC_C_LANGUAGE_STANDARD = gnu11;
				GCC_DYNAMIC_NO_PIC = NO;
				GCC_NO_COMMON_BLOCKS = YES;
				GCC_OPTIMIZATION_LEVEL = 0;
				GCC_PREPROCESSOR_DEFINITIONS = (
					"DEBUG=1",
					"$(inherited)",
				);
				GCC_WARN_64_TO_32_BIT_CONVERSION = YES;
				GCC_WARN_ABOUT_RETURN_TYPE = YES_ERROR;
				GCC_WARN_UNDECLARED_SELECTOR = YES;
				GCC_WARN_UNINITIALIZED_AUTOS = YES_AGGRESSIVE;
				GCC_WARN_UNUSED_FUNCTION = YES;
				GCC_WARN_UNUSED_VARIABLE = YES;
				IPHONEOS_DEPLOYMENT_TARGET = 11.2;
				MTL_ENABLE_DEBUG_INFO = YES;
				ONLY_ACTIVE_ARCH = YES;
				SDKROOT = iphoneos;
				SWIFT_ACTIVE_COMPILATION_CONDITIONS = DEBUG;
				SWIFT_OPTIMIZATION_LEVEL = "-Onone";
			};
			name = Debug;
		};
		8E58A061203DC859000E9CD4 /* Release */ = {
			isa = XCBuildConfiguration;
			buildSettings = {
				ALWAYS_SEARCH_USER_PATHS = NO;
				CLANG_ANALYZER_NONNULL = YES;
				CLANG_ANALYZER_NUMBER_OBJECT_CONVERSION = YES_AGGRESSIVE;
				CLANG_CXX_LANGUAGE_STANDARD = "gnu++14";
				CLANG_CXX_LIBRARY = "libc++";
				CLANG_ENABLE_MODULES = YES;
				CLANG_ENABLE_OBJC_ARC = YES;
				CLANG_WARN_BLOCK_CAPTURE_AUTORELEASING = YES;
				CLANG_WARN_BOOL_CONVERSION = YES;
				CLANG_WARN_COMMA = YES;
				CLANG_WARN_CONSTANT_CONVERSION = YES;
				CLANG_WARN_DIRECT_OBJC_ISA_USAGE = YES_ERROR;
				CLANG_WARN_DOCUMENTATION_COMMENTS = YES;
				CLANG_WARN_EMPTY_BODY = YES;
				CLANG_WARN_ENUM_CONVERSION = YES;
				CLANG_WARN_INFINITE_RECURSION = YES;
				CLANG_WARN_INT_CONVERSION = YES;
				CLANG_WARN_NON_LITERAL_NULL_CONVERSION = YES;
				CLANG_WARN_OBJC_LITERAL_CONVERSION = YES;
				CLANG_WARN_OBJC_ROOT_CLASS = YES_ERROR;
				CLANG_WARN_RANGE_LOOP_ANALYSIS = YES;
				CLANG_WARN_STRICT_PROTOTYPES = YES;
				CLANG_WARN_SUSPICIOUS_MOVE = YES;
				CLANG_WARN_UNGUARDED_AVAILABILITY = YES_AGGRESSIVE;
				CLANG_WARN_UNREACHABLE_CODE = YES;
				CLANG_WARN__DUPLICATE_METHOD_MATCH = YES;
				CODE_SIGN_IDENTITY = "iPhone Developer";
				COPY_PHASE_STRIP = NO;
				DEBUG_INFORMATION_FORMAT = "dwarf-with-dsym";
				ENABLE_NS_ASSERTIONS = NO;
				ENABLE_STRICT_OBJC_MSGSEND = YES;
				GCC_C_LANGUAGE_STANDARD = gnu11;
				GCC_NO_COMMON_BLOCKS = YES;
				GCC_WARN_64_TO_32_BIT_CONVERSION = YES;
				GCC_WARN_ABOUT_RETURN_TYPE = YES_ERROR;
				GCC_WARN_UNDECLARED_SELECTOR = YES;
				GCC_WARN_UNINITIALIZED_AUTOS = YES_AGGRESSIVE;
				GCC_WARN_UNUSED_FUNCTION = YES;
				GCC_WARN_UNUSED_VARIABLE = YES;
				IPHONEOS_DEPLOYMENT_TARGET = 11.2;
				MTL_ENABLE_DEBUG_INFO = NO;
				SDKROOT = iphoneos;
				SWIFT_OPTIMIZATION_LEVEL = "-Owholemodule";
				VALIDATE_PRODUCT = YES;
			};
			name = Release;
		};
		8E58A063203DC859000E9CD4 /* Debug */ = {
			isa = XCBuildConfiguration;
			baseConfigurationReference = FFB99253419D361C0D53762D /* Pods-LoginAndRegistration.debug.xcconfig */;
			buildSettings = {
				ASSETCATALOG_COMPILER_APPICON_NAME = AppIcon;
				CODE_SIGN_STYLE = Automatic;
				DEVELOPMENT_TEAM = 6P9X3YAP69;
				INFOPLIST_FILE = LoginAndRegistration/Info.plist;
				LD_RUNPATH_SEARCH_PATHS = "$(inherited) @executable_path/Frameworks";
				PRODUCT_BUNDLE_IDENTIFIER = lec.LoginAndRegistration;
				PRODUCT_NAME = "$(TARGET_NAME)";
				SWIFT_VERSION = 4.0;
				TARGETED_DEVICE_FAMILY = "1,2";
			};
			name = Debug;
		};
		8E58A064203DC859000E9CD4 /* Release */ = {
			isa = XCBuildConfiguration;
			baseConfigurationReference = 68549510EC3752AD517F4AA4 /* Pods-LoginAndRegistration.release.xcconfig */;
			buildSettings = {
				ASSETCATALOG_COMPILER_APPICON_NAME = AppIcon;
				CODE_SIGN_STYLE = Automatic;
				DEVELOPMENT_TEAM = 6P9X3YAP69;
				INFOPLIST_FILE = LoginAndRegistration/Info.plist;
				LD_RUNPATH_SEARCH_PATHS = "$(inherited) @executable_path/Frameworks";
				PRODUCT_BUNDLE_IDENTIFIER = lec.LoginAndRegistration;
				PRODUCT_NAME = "$(TARGET_NAME)";
				SWIFT_VERSION = 4.0;
				TARGETED_DEVICE_FAMILY = "1,2";
			};
			name = Release;
		};
/* End XCBuildConfiguration section */

/* Begin XCConfigurationList section */
		8E58A04B203DC859000E9CD4 /* Build configuration list for PBXProject "LoginAndRegistration" */ = {
			isa = XCConfigurationList;
			buildConfigurations = (
				8E58A060203DC859000E9CD4 /* Debug */,
				8E58A061203DC859000E9CD4 /* Release */,
			);
			defaultConfigurationIsVisible = 0;
			defaultConfigurationName = Release;
		};
		8E58A062203DC859000E9CD4 /* Build configuration list for PBXNativeTarget "LoginAndRegistration" */ = {
			isa = XCConfigurationList;
			buildConfigurations = (
				8E58A063203DC859000E9CD4 /* Debug */,
				8E58A064203DC859000E9CD4 /* Release */,
			);
			defaultConfigurationIsVisible = 0;
			defaultConfigurationName = Release;
		};
/* End XCConfigurationList section */
	};
	rootObject = 8E58A048203DC859000E9CD4 /* Project object */;
}
