PODS:
  - Alamofire (4.6.0)
  - Cartography (3.0.1)

DEPENDENCIES:
  - Alamofire
  - Cartography

SPEC CHECKSUMS:
  Alamofire: f41a599bd63041760b26d393ec1069d9d7b917f4
  Cartography: f8c899bb0f5cf20758644a8eea59a75e98a03a5d

PODFILE CHECKSUM: 4ec81999fcbcb10f9aaf3def6de2c96787f9b333

COCOAPODS: 1.4.0
