// !$*UTF8*$!
{
	archiveVersion = 1;
	classes = {
	};
	objectVersion = 48;
	objects = {

/* Begin PBXBuildFile section */
		8E00E46D2039BF8D00296D38 /* WebsiteTableViewCell.swift in Sources */ = {isa = PBXBuildFile; fileRef = 8E00E46C2039BF8D00296D38 /* WebsiteTableViewCell.swift */; };
		8E359B662036AD270031414A /* AppDelegate.swift in Sources */ = {isa = PBXBuildFile; fileRef = 8E359B652036AD270031414A /* AppDelegate.swift */; };
		8E359B6B2036AD270031414A /* Main.storyboard in Resources */ = {isa = PBXBuildFile; fileRef = 8E359B692036AD270031414A /* Main.storyboard */; };
		8E359B6D2036AD270031414A /* Assets.xcassets in Resources */ = {isa = PBXBuildFile; fileRef = 8E359B6C2036AD270031414A /* Assets.xcassets */; };
		8E359B702036AD270031414A /* LaunchScreen.storyboard in Resources */ = {isa = PBXBuildFile; fileRef = 8E359B6E2036AD270031414A /* LaunchScreen.storyboard */; };
		8E359B7A2036B0070031414A /* WebsitesTableViewController.swift in Sources */ = {isa = PBXBuildFile; fileRef = 8E359B792036B0070031414A /* WebsitesTableViewController.swift */; };
		8E359B7C2036B0650031414A /* Website.swift in Sources */ = {isa = PBXBuildFile; fileRef = 8E359B7B2036B0650031414A /* Website.swift */; };
		8E359B7E2036B1D90031414A /* PageTableViewController.swift in Sources */ = {isa = PBXBuildFile; fileRef = 8E359B7D2036B1D90031414A /* PageTableViewController.swift */; };
/* End PBXBuildFile section */

/* Begin PBXFileReference section */
		8E00E46C2039BF8D00296D38 /* WebsiteTableViewCell.swift */ = {isa = PBXFileReference; lastKnownFileType = sourcecode.swift; path = WebsiteTableViewCell.swift; sourceTree = "<group>"; };
		8E359B622036AD270031414A /* Assigment-4(WebBrowser).app */ = {isa = PBXFileReference; explicitFileType = wrapper.application; includeInIndex = 0; path = "Assigment-4(WebBrowser).app"; sourceTree = BUILT_PRODUCTS_DIR; };
		8E359B652036AD270031414A /* AppDelegate.swift */ = {isa = PBXFileReference; lastKnownFileType = sourcecode.swift; path = AppDelegate.swift; sourceTree = "<group>"; };
		8E359B6A2036AD270031414A /* Base */ = {isa = PBXFileReference; lastKnownFileType = file.storyboard; name = Base; path = Base.lproj/Main.storyboard; sourceTree = "<group>"; };
		8E359B6C2036AD270031414A /* Assets.xcassets */ = {isa = PBXFileReference; lastKnownFileType = folder.assetcatalog; path = Assets.xcassets; sourceTree = "<group>"; };
		8E359B6F2036AD270031414A /* Base */ = {isa = PBXFileReference; lastKnownFileType = file.storyboard; name = Base; path = Base.lproj/LaunchScreen.storyboard; sourceTree = "<group>"; };
		8E359B712036AD270031414A /* Info.plist */ = {isa = PBXFileReference; lastKnownFileType = text.plist.xml; path = Info.plist; sourceTree = "<group>"; };
		8E359B792036B0070031414A /* WebsitesTableViewController.swift */ = {isa = PBXFileReference; lastKnownFileType = sourcecode.swift; path = WebsitesTableViewController.swift; sourceTree = "<group>"; };
		8E359B7B2036B0650031414A /* Website.swift */ = {isa = PBXFileReference; lastKnownFileType = sourcecode.swift; path = Website.swift; sourceTree = "<group>"; };
		8E359B7D2036B1D90031414A /* PageTableViewController.swift */ = {isa = PBXFileReference; lastKnownFileType = sourcecode.swift; path = PageTableViewController.swift; sourceTree = "<group>"; };
/* End PBXFileReference section */

/* Begin PBXFrameworksBuildPhase section */
		8E359B5F2036AD270031414A /* Frameworks */ = {
			isa = PBXFrameworksBuildPhase;
			buildActionMask = 2147483647;
			files = (
			);
			runOnlyForDeploymentPostprocessing = 0;
		};
/* End PBXFrameworksBuildPhase section */

/* Begin PBXGroup section */
		8E359B592036AD270031414A = {
			isa = PBXGroup;
			children = (
				8E359B642036AD270031414A /* Assigment-4(WebBrowser) */,
				8E359B632036AD270031414A /* Products */,
			);
			sourceTree = "<group>";
		};
		8E359B632036AD270031414A /* Products */ = {
			isa = PBXGroup;
			children = (
				8E359B622036AD270031414A /* Assigment-4(WebBrowser).app */,
			);
			name = Products;
			sourceTree = "<group>";
		};
		8E359B642036AD270031414A /* Assigment-4(WebBrowser) */ = {
			isa = PBXGroup;
			children = (
				8E359B792036B0070031414A /* WebsitesTableViewController.swift */,
				8E359B7D2036B1D90031414A /* PageTableViewController.swift */,
				8E359B7B2036B0650031414A /* Website.swift */,
				8E00E46C2039BF8D00296D38 /* WebsiteTableViewCell.swift */,
				8E359B6C2036AD270031414A /* Assets.xcassets */,
				8E359B692036AD270031414A /* Main.storyboard */,
				8E359B6E2036AD270031414A /* LaunchScreen.storyboard */,
				8E359B712036AD270031414A /* Info.plist */,
				8E359B652036AD270031414A /* AppDelegate.swift */,
			);
			path = "Assigment-4(WebBrowser)";
			sourceTree = "<group>";
		};
/* End PBXGroup section */

/* Begin PBXNativeTarget section */
		8E359B612036AD270031414A /* Assigment-4(WebBrowser) */ = {
			isa = PBXNativeTarget;
			buildConfigurationList = 8E359B742036AD270031414A /* Build configuration list for PBXNativeTarget "Assigment-4(WebBrowser)" */;
			buildPhases = (
				8E359B5E2036AD270031414A /* Sources */,
				8E359B5F2036AD270031414A /* Frameworks */,
				8E359B602036AD270031414A /* Resources */,
			);
			buildRules = (
			);
			dependencies = (
			);
			name = "Assigment-4(WebBrowser)";
			productName = "Assigment-4(WebBrowser)";
			productReference = 8E359B622036AD270031414A /* Assigment-4(WebBrowser).app */;
			productType = "com.apple.product-type.application";
		};
/* End PBXNativeTarget section */

/* Begin PBXProject section */
		8E359B5A2036AD270031414A /* Project object */ = {
			isa = PBXProject;
			attributes = {
				LastSwiftUpdateCheck = 0920;
				LastUpgradeCheck = 0920;
				ORGANIZATIONNAME = SDU;
				TargetAttributes = {
					8E359B612036AD270031414A = {
						CreatedOnToolsVersion = 9.2;
						ProvisioningStyle = Automatic;
					};
				};
			};
			buildConfigurationList = 8E359B5D2036AD270031414A /* Build configuration list for PBXProject "Assigment-4(WebBrowser)" */;
			compatibilityVersion = "Xcode 8.0";
			developmentRegion = en;
			hasScannedForEncodings = 0;
			knownRegions = (
				en,
				Base,
			);
			mainGroup = 8E359B592036AD270031414A;
			productRefGroup = 8E359B632036AD270031414A /* Products */;
			projectDirPath = "";
			projectRoot = "";
			targets = (
				8E359B612036AD270031414A /* Assigment-4(WebBrowser) */,
			);
		};
/* End PBXProject section */

/* Begin PBXResourcesBuildPhase section */
		8E359B602036AD270031414A /* Resources */ = {
			isa = PBXResourcesBuildPhase;
			buildActionMask = 2147483647;
			files = (
				8E359B702036AD270031414A /* LaunchScreen.storyboard in Resources */,
				8E359B6D2036AD270031414A /* Assets.xcassets in Resources */,
				8E359B6B2036AD270031414A /* Main.storyboard in Resources */,
			);
			runOnlyForDeploymentPostprocessing = 0;
		};
/* End PBXResourcesBuildPhase section */

/* Begin PBXSourcesBuildPhase section */
		8E359B5E2036AD270031414A /* Sources */ = {
			isa = PBXSourcesBuildPhase;
			buildActionMask = 2147483647;
			files = (
				8E359B7E2036B1D90031414A /* PageTableViewController.swift in Sources */,
				8E359B662036AD270031414A /* AppDelegate.swift in Sources */,
				8E00E46D2039BF8D00296D38 /* WebsiteTableViewCell.swift in Sources */,
				8E359B7A2036B0070031414A /* WebsitesTableViewController.swift in Sources */,
				8E359B7C2036B0650031414A /* Website.swift in Sources */,
			);
			runOnlyForDeploymentPostprocessing = 0;
		};
/* End PBXSourcesBuildPhase section */

/* Begin PBXVariantGroup section */
		8E359B692036AD270031414A /* Main.storyboard */ = {
			isa = PBXVariantGroup;
			children = (
				8E359B6A2036AD270031414A /* Base */,
			);
			name = Main.storyboard;
			sourceTree = "<group>";
		};
		8E359B6E2036AD270031414A /* LaunchScreen.storyboard */ = {
			isa = PBXVariantGroup;
			children = (
				8E359B6F2036AD270031414A /* Base */,
			);
			name = LaunchScreen.storyboard;
			sourceTree = "<group>";
		};
/* End PBXVariantGroup section */

/* Begin XCBuildConfiguration section */
		8E359B722036AD270031414A /* Debug */ = {
			isa = XCBuildConfiguration;
			buildSettings = {
				ALWAYS_SEARCH_USER_PATHS = NO;
				CLANG_ANALYZER_NONNULL = YES;
				CLANG_ANALYZER_NUMBER_OBJECT_CONVERSION = YES_AGGRESSIVE;
				CLANG_CXX_LANGUAGE_STANDARD = "gnu++14";
				CLANG_CXX_LIBRARY = "libc++";
				CLANG_ENABLE_MODULES = YES;
				CLANG_ENABLE_OBJC_ARC = YES;
				CLANG_WARN_BLOCK_CAPTURE_AUTORELEASING = YES;
				CLANG_WARN_BOOL_CONVERSION = YES;
				CLANG_WARN_COMMA = YES;
				CLANG_WARN_CONSTANT_CONVERSION = YES;
				CLANG_WARN_DIRECT_OBJC_ISA_USAGE = YES_ERROR;
				CLANG_WARN_DOCUMENTATION_COMMENTS = YES;
				CLANG_WARN_EMPTY_BODY = YES;
				CLANG_WARN_ENUM_CONVERSION = YES;
				CLANG_WARN_INFINITE_RECURSION = YES;
				CLANG_WARN_INT_CONVERSION = YES;
				CLANG_WARN_NON_LITERAL_NULL_CONVERSION = YES;
				CLANG_WARN_OBJC_LITERAL_CONVERSION = YES;
				CLANG_WARN_OBJC_ROOT_CLASS = YES_ERROR;
				CLANG_WARN_RANGE_LOOP_ANALYSIS = YES;
				CLANG_WARN_STRICT_PROTOTYPES = YES;
				CLANG_WARN_SUSPICIOUS_MOVE = YES;
				CLANG_WARN_UNGUARDED_AVAILABILITY = YES_AGGRESSIVE;
				CLANG_WARN_UNREACHABLE_CODE = YES;
				CLANG_WARN__DUPLICATE_METHOD_MATCH = YES;
				CODE_SIGN_IDENTITY = "iPhone Developer";
				COPY_PHASE_STRIP = NO;
				DEBUG_INFORMATION_FORMAT = dwarf;
				ENABLE_STRICT_OBJC_MSGSEND = YES;
				ENABLE_TESTABILITY = YES;
				GCC_C_LANGUAGE_STANDARD = gnu11;
				GCC_DYNAMIC_NO_PIC = NO;
				GCC_NO_COMMON_BLOCKS = YES;
				GCC_OPTIMIZATION_LEVEL = 0;
				GCC_PREPROCESSOR_DEFINITIONS = (
					"DEBUG=1",
					"$(inherited)",
				);
				GCC_WARN_64_TO_32_BIT_CONVERSION = YES;
				GCC_WARN_ABOUT_RETURN_TYPE = YES_ERROR;
				GCC_WARN_UNDECLARED_SELECTOR = YES;
				GCC_WARN_UNINITIALIZED_AUTOS = YES_AGGRESSIVE;
				GCC_WARN_UNUSED_FUNCTION = YES;
				GCC_WARN_UNUSED_VARIABLE = YES;
				IPHONEOS_DEPLOYMENT_TARGET = 11.2;
				MTL_ENABLE_DEBUG_INFO = YES;
				ONLY_ACTIVE_ARCH = YES;
				SDKROOT = iphoneos;
				SWIFT_ACTIVE_COMPILATION_CONDITIONS = DEBUG;
				SWIFT_OPTIMIZATION_LEVEL = "-Onone";
			};
			name = Debug;
		};
		8E359B732036AD270031414A /* Release */ = {
			isa = XCBuildConfiguration;
			buildSettings = {
				ALWAYS_SEARCH_USER_PATHS = NO;
				CLANG_ANALYZER_NONNULL = YES;
				CLANG_ANALYZER_NUMBER_OBJECT_CONVERSION = YES_AGGRESSIVE;
				CLANG_CXX_LANGUAGE_STANDARD = "gnu++14";
				CLANG_CXX_LIBRARY = "libc++";
				CLANG_ENABLE_MODULES = YES;
				CLANG_ENABLE_OBJC_ARC = YES;
				CLANG_WARN_BLOCK_CAPTURE_AUTORELEASING = YES;
				CLANG_WARN_BOOL_CONVERSION = YES;
				CLANG_WARN_COMMA = YES;
				CLANG_WARN_CONSTANT_CONVERSION = YES;
				CLANG_WARN_DIRECT_OBJC_ISA_USAGE = YES_ERROR;
				CLANG_WARN_DOCUMENTATION_COMMENTS = YES;
				CLANG_WARN_EMPTY_BODY = YES;
				CLANG_WARN_ENUM_CONVERSION = YES;
				CLANG_WARN_INFINITE_RECURSION = YES;
				CLANG_WARN_INT_CONVERSION = YES;
				CLANG_WARN_NON_LITERAL_NULL_CONVERSION = YES;
				CLANG_WARN_OBJC_LITERAL_CONVERSION = YES;
				CLANG_WARN_OBJC_ROOT_CLASS = YES_ERROR;
				CLANG_WARN_RANGE_LOOP_ANALYSIS = YES;
				CLANG_WARN_STRICT_PROTOTYPES = YES;
				CLANG_WARN_SUSPICIOUS_MOVE = YES;
				CLANG_WARN_UNGUARDED_AVAILABILITY = YES_AGGRESSIVE;
				CLANG_WARN_UNREACHABLE_CODE = YES;
				CLANG_WARN__DUPLICATE_METHOD_MATCH = YES;
				CODE_SIGN_IDENTITY = "iPhone Developer";
				COPY_PHASE_STRIP = NO;
				DEBUG_INFORMATION_FORMAT = "dwarf-with-dsym";
				ENABLE_NS_ASSERTIONS = NO;
				ENABLE_STRICT_OBJC_MSGSEND = YES;
				GCC_C_LANGUAGE_STANDARD = gnu11;
				GCC_NO_COMMON_BLOCKS = YES;
				GCC_WARN_64_TO_32_BIT_CONVERSION = YES;
				GCC_WARN_ABOUT_RETURN_TYPE = YES_ERROR;
				GCC_WARN_UNDECLARED_SELECTOR = YES;
				GCC_WARN_UNINITIALIZED_AUTOS = YES_AGGRESSIVE;
				GCC_WARN_UNUSED_FUNCTION = YES;
				GCC_WARN_UNUSED_VARIABLE = YES;
				IPHONEOS_DEPLOYMENT_TARGET = 11.2;
				MTL_ENABLE_DEBUG_INFO = NO;
				SDKROOT = iphoneos;
				SWIFT_OPTIMIZATION_LEVEL = "-Owholemodule";
				VALIDATE_PRODUCT = YES;
			};
			name = Release;
		};
		8E359B752036AD270031414A /* Debug */ = {
			isa = XCBuildConfiguration;
			buildSettings = {
				ASSETCATALOG_COMPILER_APPICON_NAME = AppIcon;
				CODE_SIGN_STYLE = Automatic;
				DEVELOPMENT_TEAM = 6P9X3YAP69;
				INFOPLIST_FILE = "Assigment-4(WebBrowser)/Info.plist";
				LD_RUNPATH_SEARCH_PATHS = "$(inherited) @executable_path/Frameworks";
				PRODUCT_BUNDLE_IDENTIFIER = "lec.Assigment-4-WebBrowser-";
				PRODUCT_NAME = "$(TARGET_NAME)";
				SWIFT_VERSION = 4.0;
				TARGETED_DEVICE_FAMILY = "1,2";
			};
			name = Debug;
		};
		8E359B762036AD270031414A /* Release */ = {
			isa = XCBuildConfiguration;
			buildSettings = {
				ASSETCATALOG_COMPILER_APPICON_NAME = AppIcon;
				CODE_SIGN_STYLE = Automatic;
				DEVELOPMENT_TEAM = 6P9X3YAP69;
				INFOPLIST_FILE = "Assigment-4(WebBrowser)/Info.plist";
				LD_RUNPATH_SEARCH_PATHS = "$(inherited) @executable_path/Frameworks";
				PRODUCT_BUNDLE_IDENTIFIER = "lec.Assigment-4-WebBrowser-";
				PRODUCT_NAME = "$(TARGET_NAME)";
				SWIFT_VERSION = 4.0;
				TARGETED_DEVICE_FAMILY = "1,2";
			};
			name = Release;
		};
/* End XCBuildConfiguration section */

/* Begin XCConfigurationList section */
		8E359B5D2036AD270031414A /* Build configuration list for PBXProject "Assigment-4(WebBrowser)" */ = {
			isa = XCConfigurationList;
			buildConfigurations = (
				8E359B722036AD270031414A /* Debug */,
				8E359B732036AD270031414A /* Release */,
			);
			defaultConfigurationIsVisible = 0;
			defaultConfigurationName = Release;
		};
		8E359B742036AD270031414A /* Build configuration list for PBXNativeTarget "Assigment-4(WebBrowser)" */ = {
			isa = XCConfigurationList;
			buildConfigurations = (
				8E359B752036AD270031414A /* Debug */,
				8E359B762036AD270031414A /* Release */,
			);
			defaultConfigurationIsVisible = 0;
			defaultConfigurationName = Release;
		};
/* End XCConfigurationList section */
	};
	rootObject = 8E359B5A2036AD270031414A /* Project object */;
}
